
Microsoft Visual Studio Solution File, Format Version 12.00
Project("{FAE04EC0-301F-11D3-BF4B-00C04F79EFBC}") = "ProxyHttpClient", "ProxyHttpClient\ProxyHttpClient.csproj", "{6FD442B9-95E0-434C-BDBC-F2C0BD72BE2F}"
EndProject
Project("{FAE04EC0-301F-11D3-BF4B-00C04F79EFBC}") = "ProxyHttpClient.Test", "ProxyHttpClient.Test\ProxyHttpClient.Test.csproj", "{B66D01F5-5EF3-416A-AED7-36431171415D}"
EndProject
Project("{2150E333-8FDC-42A3-9474-1A3956D46DE8}") = "SolutionFolder", "SolutionFolder", "{6D8F689D-B7D1-4F61-B069-5600BE8AC6D7}"
	ProjectSection(SolutionItems) = preProject
		README.MD = README.MD
		.github\workflows\release.yml = .github\workflows\release.yml
		global.json = global.json
	EndProjectSection
EndProject
Project("{FAE04EC0-301F-11D3-BF4B-00C04F79EFBC}") = "ProxyHttpClient.UnitTest", "ProxyHttpClient.UnitTest\ProxyHttpClient.UnitTest.csproj", "{5BA7E811-2D84-44E5-9032-00D1CDF9384C}"
EndProject
Project("{FAE04EC0-301F-11D3-BF4B-00C04F79EFBC}") = "ProxyHttpClient.Benchmarks", "ProxyHttpClient.Benchmarks\ProxyHttpClient.Benchmarks.csproj", "{3A34CEF5-E2BD-4E63-8B3B-F5A49DC0ACC3}"
EndProject
Global
	GlobalSection(SolutionConfigurationPlatforms) = preSolution
		Debug|Any CPU = Debug|Any CPU
		Release|Any CPU = Release|Any CPU
	EndGlobalSection
	GlobalSection(ProjectConfigurationPlatforms) = postSolution
		{6FD442B9-95E0-434C-BDBC-F2C0BD72BE2F}.Debug|Any CPU.ActiveCfg = Debug|Any CPU
		{6FD442B9-95E0-434C-BDBC-F2C0BD72BE2F}.Debug|Any CPU.Build.0 = Debug|Any CPU
		{6FD442B9-95E0-434C-BDBC-F2C0BD72BE2F}.Release|Any CPU.ActiveCfg = Release|Any CPU
		{6FD442B9-95E0-434C-BDBC-F2C0BD72BE2F}.Release|Any CPU.Build.0 = Release|Any CPU
		{B66D01F5-5EF3-416A-AED7-36431171415D}.Debug|Any CPU.ActiveCfg = Debug|Any CPU
		{B66D01F5-5EF3-416A-AED7-36431171415D}.Debug|Any CPU.Build.0 = Debug|Any CPU
		{B66D01F5-5EF3-416A-AED7-36431171415D}.Release|Any CPU.ActiveCfg = Release|Any CPU
		{B66D01F5-5EF3-416A-AED7-36431171415D}.Release|Any CPU.Build.0 = Release|Any CPU
		{5BA7E811-2D84-44E5-9032-00D1CDF9384C}.Debug|Any CPU.ActiveCfg = Debug|Any CPU
		{5BA7E811-2D84-44E5-9032-00D1CDF9384C}.Debug|Any CPU.Build.0 = Debug|Any CPU
		{5BA7E811-2D84-44E5-9032-00D1CDF9384C}.Release|Any CPU.ActiveCfg = Release|Any CPU
		{5BA7E811-2D84-44E5-9032-00D1CDF9384C}.Release|Any CPU.Build.0 = Release|Any CPU
		{3A34CEF5-E2BD-4E63-8B3B-F5A49DC0ACC3}.Debug|Any CPU.ActiveCfg = Debug|Any CPU
		{3A34CEF5-E2BD-4E63-8B3B-F5A49DC0ACC3}.Debug|Any CPU.Build.0 = Debug|Any CPU
		{3A34CEF5-E2BD-4E63-8B3B-F5A49DC0ACC3}.Release|Any CPU.ActiveCfg = Release|Any CPU
		{3A34CEF5-E2BD-4E63-8B3B-F5A49DC0ACC3}.Release|Any CPU.Build.0 = Release|Any CPU
	EndGlobalSection
EndGlobal
